
Microsoft Visual Studio Solution File, Format Version 12.00
# Visual Studio 15
Project("{FAE04EC0-301F-11D3-BF4B-00C04F79EFBC}") = "FakeCFB.Android", "FakeCFB.Android\FakeCFB.Android.csproj", "{B3C4093B-7197-4682-807F-E5386A92CE87}"
EndProject
Project("{FAE04EC0-301F-11D3-BF4B-00C04F79EFBC}") = "FakeCFB.iOS", "FakeCFB.iOS\FakeCFB.iOS.csproj", "{7319D38C-FC15-48EA-AE58-377D8308A8D2}"
EndProject
Project("{D954291E-2A0B-460D-934E-DC6B0785DB48}") = "FakeCFB", "FakeCFB\FakeCFB.shproj", "{BC1D518A-CADB-43F6-A08F-18756FD863B2}"
EndProject
Global
	GlobalSection(SolutionConfigurationPlatforms) = preSolution
		Debug|Any CPU = Debug|Any CPU
		Release|Any CPU = Release|Any CPU
		Debug|iPhoneSimulator = Debug|iPhoneSimulator
		Release|iPhoneSimulator = Release|iPhoneSimulator
		Debug|iPhone = Debug|iPhone
		Release|iPhone = Release|iPhone
		Ad-Hoc|iPhone = Ad-Hoc|iPhone
		AppStore|iPhone = AppStore|iPhone
	EndGlobalSection
	GlobalSection(ProjectConfigurationPlatforms) = postSolution
		{B3C4093B-7197-4682-807F-E5386A92CE87}.Debug|Any CPU.ActiveCfg = Debug|Any CPU
		{B3C4093B-7197-4682-807F-E5386A92CE87}.Debug|Any CPU.Build.0 = Debug|Any CPU
		{B3C4093B-7197-4682-807F-E5386A92CE87}.Release|Any CPU.ActiveCfg = Release|Any CPU
		{B3C4093B-7197-4682-807F-E5386A92CE87}.Release|Any CPU.Build.0 = Release|Any CPU
		{B3C4093B-7197-4682-807F-E5386A92CE87}.Debug|iPhoneSimulator.ActiveCfg = Debug|Any CPU
		{B3C4093B-7197-4682-807F-E5386A92CE87}.Debug|iPhoneSimulator.Build.0 = Debug|Any CPU
		{B3C4093B-7197-4682-807F-E5386A92CE87}.Release|iPhoneSimulator.ActiveCfg = Release|Any CPU
		{B3C4093B-7197-4682-807F-E5386A92CE87}.Release|iPhoneSimulator.Build.0 = Release|Any CPU
		{B3C4093B-7197-4682-807F-E5386A92CE87}.Debug|iPhone.ActiveCfg = Debug|Any CPU
		{B3C4093B-7197-4682-807F-E5386A92CE87}.Debug|iPhone.Build.0 = Debug|Any CPU
		{B3C4093B-7197-4682-807F-E5386A92CE87}.Release|iPhone.ActiveCfg = Release|Any CPU
		{B3C4093B-7197-4682-807F-E5386A92CE87}.Release|iPhone.Build.0 = Release|Any CPU
		{B3C4093B-7197-4682-807F-E5386A92CE87}.Ad-Hoc|iPhone.ActiveCfg = Debug|Any CPU
		{B3C4093B-7197-4682-807F-E5386A92CE87}.Ad-Hoc|iPhone.Build.0 = Debug|Any CPU
		{B3C4093B-7197-4682-807F-E5386A92CE87}.AppStore|iPhone.ActiveCfg = Debug|Any CPU
		{B3C4093B-7197-4682-807F-E5386A92CE87}.AppStore|iPhone.Build.0 = Debug|Any CPU
		{7319D38C-FC15-48EA-AE58-377D8308A8D2}.Debug|Any CPU.ActiveCfg = Debug|iPhoneSimulator
		{7319D38C-FC15-48EA-AE58-377D8308A8D2}.Debug|Any CPU.Build.0 = Debug|iPhoneSimulator
		{7319D38C-FC15-48EA-AE58-377D8308A8D2}.Release|Any CPU.ActiveCfg = Release|iPhoneSimulator
		{7319D38C-FC15-48EA-AE58-377D8308A8D2}.Release|Any CPU.Build.0 = Release|iPhoneSimulator
		{7319D38C-FC15-48EA-AE58-377D8308A8D2}.Debug|iPhoneSimulator.ActiveCfg = Debug|iPhoneSimulator
		{7319D38C-FC15-48EA-AE58-377D8308A8D2}.Debug|iPhoneSimulator.Build.0 = Debug|iPhoneSimulator
		{7319D38C-FC15-48EA-AE58-377D8308A8D2}.Release|iPhoneSimulator.ActiveCfg = Release|iPhoneSimulator
		{7319D38C-FC15-48EA-AE58-377D8308A8D2}.Release|iPhoneSimulator.Build.0 = Release|iPhoneSimulator
		{7319D38C-FC15-48EA-AE58-377D8308A8D2}.Debug|iPhone.ActiveCfg = Debug|iPhone
		{7319D38C-FC15-48EA-AE58-377D8308A8D2}.Debug|iPhone.Build.0 = Debug|iPhone
		{7319D38C-FC15-48EA-AE58-377D8308A8D2}.Release|iPhone.ActiveCfg = Release|iPhone
		{7319D38C-FC15-48EA-AE58-377D8308A8D2}.Release|iPhone.Build.0 = Release|iPhone
		{7319D38C-FC15-48EA-AE58-377D8308A8D2}.Ad-Hoc|iPhone.ActiveCfg = Ad-Hoc|iPhone
		{7319D38C-FC15-48EA-AE58-377D8308A8D2}.Ad-Hoc|iPhone.Build.0 = Ad-Hoc|iPhone
		{7319D38C-FC15-48EA-AE58-377D8308A8D2}.AppStore|iPhone.ActiveCfg = AppStore|iPhone
		{7319D38C-FC15-48EA-AE58-377D8308A8D2}.AppStore|iPhone.Build.0 = AppStore|iPhone
	EndGlobalSection
EndGlobal
